PODS:
  - ISO8601 (0.3.0)
  - Raven (1.0.1)
  - RNCryptor-objc (3.0.5)
  - SIOSocket (0.2.0)
  - Syncing (1.3.1):
    - ISO8601 (~> 0.3.0)
    - Raven (~> 1.0.1)
    - RNCryptor-objc (~> 3.0.5)

DEPENDENCIES:
  - SIOSocket (~> 0.2.0)
  - Syncing (from `https://github.com/estudio89/ios-syncing.git`, tag `1.3.1`)

EXTERNAL SOURCES:
  Syncing:
    :git: https://github.com/estudio89/ios-syncing.git
    :tag: 1.3.1

CHECKOUT OPTIONS:
  Syncing:
    :git: https://github.com/estudio89/ios-syncing.git
    :tag: 1.3.1

SPEC CHECKSUMS:
  ISO8601: 8d8a22d5edf0554a1cf75bac028c76c1dc0ffaef
  Raven: 5e30d3f0b451b0c9515b599ddddd3e5140dc7bc6
  RNCryptor-objc: a65b15493de05dda4af0f392c70372b7a5625aab
  SIOSocket: 2facc0bd02ae72d98c223634a46dd8ebdf9be321
  Syncing: 3d876dad1a3120c3e2217cd695e943468d9b0f89

PODFILE CHECKSUM: 7e78cdc6edaf2627e95d1b221a4556249a524f1e

COCOAPODS: 1.2.0.beta.1
