// !$*UTF8*$!
{
	archiveVersion = 1;
	classes = {
	};
	objectVersion = 46;
	objects = {

/* Begin PBXAggregateTarget section */
		7B30D76D1AE9240600E2A0CA /* Framework */ = {
			isa = PBXAggregateTarget;
			buildConfigurationList = 7B30D76E1AE9240700E2A0CA /* Build configuration list for PBXAggregateTarget "Framework" */;
			buildPhases = (
				7B30D7731AE9243A00E2A0CA /* ShellScript */,
			);
			dependencies = (
				7B30D7721AE9241200E2A0CA /* PBXTargetDependency */,
			);
			name = Framework;
			productName = Framework;
		};
/* End PBXAggregateTarget section */

/* Begin PBXBuildFile section */
		40321BE52F0B848E659A7BF5 /* libPods-ios-push-messaging.a in Frameworks */ = {isa = PBXBuildFile; fileRef = A8FA1D6C7ADB239948E7FAD0 /* libPods-ios-push-messaging.a */; };
		7B4C3B211AB77E0400C5CE91 /* libios-push-messaging.a in Frameworks */ = {isa = PBXBuildFile; fileRef = 7B4C3B151AB77E0400C5CE91 /* libios-push-messaging.a */; };
		7B4C3B321AB7800A00C5CE91 /* PushCentral.m in Sources */ = {isa = PBXBuildFile; fileRef = 7B4C3B311AB7800A00C5CE91 /* PushCentral.m */; };
		7B4C3B351AB7802800C5CE91 /* PushConfig.m in Sources */ = {isa = PBXBuildFile; fileRef = 7B4C3B341AB7802800C5CE91 /* PushConfig.m */; };
		7B4C3B391AB78CAD00C5CE91 /* PushCentralTests.m in Sources */ = {isa = PBXBuildFile; fileRef = 7B4C3B381AB78CAD00C5CE91 /* PushCentralTests.m */; };
		7BBF84151AE8420100BD607E /* ios_push_messaging.h in Headers */ = {isa = PBXBuildFile; fileRef = 7B4C3B181AB77E0400C5CE91 /* ios_push_messaging.h */; settings = {ATTRIBUTES = (Public, ); }; };
		7BBF84161AE8420500BD607E /* PushManager.h in Headers */ = {isa = PBXBuildFile; fileRef = 7B4C3B2F1AB77FEB00C5CE91 /* PushManager.h */; settings = {ATTRIBUTES = (Public, ); }; };
		7BBF84171AE8420B00BD607E /* PushCentral.h in Headers */ = {isa = PBXBuildFile; fileRef = 7B4C3B301AB7800A00C5CE91 /* PushCentral.h */; settings = {ATTRIBUTES = (Public, ); }; };
		7BBF84181AE8420E00BD607E /* PushConfig.h in Headers */ = {isa = PBXBuildFile; fileRef = 7B4C3B331AB7802800C5CE91 /* PushConfig.h */; settings = {ATTRIBUTES = (Public, ); }; };
		7BC2FF901AF9560600270C00 /* PushInjection.h in Headers */ = {isa = PBXBuildFile; fileRef = 7BC2FF8E1AF9560600270C00 /* PushInjection.h */; settings = {ATTRIBUTES = (Public, ); }; };
		7BC2FF911AF9560600270C00 /* PushInjection.m in Sources */ = {isa = PBXBuildFile; fileRef = 7BC2FF8F1AF9560600270C00 /* PushInjection.m */; };
		7BC2FF9B1AF965D600270C00 /* PushAppDelegate.h in Headers */ = {isa = PBXBuildFile; fileRef = 7BC2FF991AF965D600270C00 /* PushAppDelegate.h */; settings = {ATTRIBUTES = (Public, ); }; };
		7BC2FF9C1AF965D600270C00 /* PushAppDelegate.m in Sources */ = {isa = PBXBuildFile; fileRef = 7BC2FF9A1AF965D600270C00 /* PushAppDelegate.m */; };
		7BF104821B6D5904007BF71C /* WebsocketHelper.h in Headers */ = {isa = PBXBuildFile; fileRef = 7BF104801B6D5904007BF71C /* WebsocketHelper.h */; settings = {ATTRIBUTES = (Public, ); }; };
		7BF104831B6D5904007BF71C /* WebsocketHelper.m in Sources */ = {isa = PBXBuildFile; fileRef = 7BF104811B6D5904007BF71C /* WebsocketHelper.m */; };
/* End PBXBuildFile section */

/* Begin PBXContainerItemProxy section */
		7B30D7711AE9241200E2A0CA /* PBXContainerItemProxy */ = {
			isa = PBXContainerItemProxy;
			containerPortal = 7B4C3B0D1AB77E0400C5CE91 /* Project object */;
			proxyType = 1;
			remoteGlobalIDString = 7B4C3B141AB77E0400C5CE91;
			remoteInfo = "ios-push-messaging";
		};
		7B4C3B221AB77E0400C5CE91 /* PBXContainerItemProxy */ = {
			isa = PBXContainerItemProxy;
			containerPortal = 7B4C3B0D1AB77E0400C5CE91 /* Project object */;
			proxyType = 1;
			remoteGlobalIDString = 7B4C3B141AB77E0400C5CE91;
			remoteInfo = "ios-push-messaging";
		};
/* End PBXContainerItemProxy section */

/* Begin PBXFileReference section */
		4D863846B8446CDF116C384E /* Pods-ios-push-messaging.release.xcconfig */ = {isa = PBXFileReference; includeInIndex = 1; lastKnownFileType = text.xcconfig; name = "Pods-ios-push-messaging.release.xcconfig"; path = "Pods/Target Support Files/Pods-ios-push-messaging/Pods-ios-push-messaging.release.xcconfig"; sourceTree = "<group>"; };
		7B1291881B6EA97C001FA3CB /* libPods-ios-push-messaging-Syncing.a */ = {isa = PBXFileReference; lastKnownFileType = archive.ar; name = "libPods-ios-push-messaging-Syncing.a"; path = "Pods/../build/Debug-iphoneos/libPods-ios-push-messaging-Syncing.a"; sourceTree = "<group>"; };
		7B12918A1B6EBE96001FA3CB /* libPods-ios-push-messaging-SIOSocket.a */ = {isa = PBXFileReference; lastKnownFileType = archive.ar; name = "libPods-ios-push-messaging-SIOSocket.a"; path = "Pods/../build/Debug-iphoneos/libPods-ios-push-messaging-SIOSocket.a"; sourceTree = "<group>"; };
		7B4C3B151AB77E0400C5CE91 /* libios-push-messaging.a */ = {isa = PBXFileReference; explicitFileType = archive.ar; includeInIndex = 0; path = "libios-push-messaging.a"; sourceTree = BUILT_PRODUCTS_DIR; };
		7B4C3B181AB77E0400C5CE91 /* ios_push_messaging.h */ = {isa = PBXFileReference; lastKnownFileType = sourcecode.c.h; path = ios_push_messaging.h; sourceTree = "<group>"; };
		7B4C3B201AB77E0400C5CE91 /* ios-push-messagingTests.xctest */ = {isa = PBXFileReference; explicitFileType = wrapper.cfbundle; includeInIndex = 0; path = "ios-push-messagingTests.xctest"; sourceTree = BUILT_PRODUCTS_DIR; };
		7B4C3B261AB77E0400C5CE91 /* Info.plist */ = {isa = PBXFileReference; lastKnownFileType = text.plist.xml; path = Info.plist; sourceTree = "<group>"; };
		7B4C3B2F1AB77FEB00C5CE91 /* PushManager.h */ = {isa = PBXFileReference; fileEncoding = 4; lastKnownFileType = sourcecode.c.h; path = PushManager.h; sourceTree = "<group>"; };
		7B4C3B301AB7800A00C5CE91 /* PushCentral.h */ = {isa = PBXFileReference; fileEncoding = 4; lastKnownFileType = sourcecode.c.h; path = PushCentral.h; sourceTree = "<group>"; };
		7B4C3B311AB7800A00C5CE91 /* PushCentral.m */ = {isa = PBXFileReference; fileEncoding = 4; lastKnownFileType = sourcecode.c.objc; path = PushCentral.m; sourceTree = "<group>"; };
		7B4C3B331AB7802800C5CE91 /* PushConfig.h */ = {isa = PBXFileReference; fileEncoding = 4; lastKnownFileType = sourcecode.c.h; path = PushConfig.h; sourceTree = "<group>"; };
		7B4C3B341AB7802800C5CE91 /* PushConfig.m */ = {isa = PBXFileReference; fileEncoding = 4; lastKnownFileType = sourcecode.c.objc; path = PushConfig.m; sourceTree = "<group>"; };
		7B4C3B381AB78CAD00C5CE91 /* PushCentralTests.m */ = {isa = PBXFileReference; fileEncoding = 4; lastKnownFileType = sourcecode.c.objc; path = PushCentralTests.m; sourceTree = "<group>"; };
		7BC2FF8E1AF9560600270C00 /* PushInjection.h */ = {isa = PBXFileReference; fileEncoding = 4; lastKnownFileType = sourcecode.c.h; path = PushInjection.h; sourceTree = "<group>"; };
		7BC2FF8F1AF9560600270C00 /* PushInjection.m */ = {isa = PBXFileReference; fileEncoding = 4; lastKnownFileType = sourcecode.c.objc; path = PushInjection.m; sourceTree = "<group>"; };
		7BC2FF991AF965D600270C00 /* PushAppDelegate.h */ = {isa = PBXFileReference; fileEncoding = 4; lastKnownFileType = sourcecode.c.h; path = PushAppDelegate.h; sourceTree = "<group>"; };
		7BC2FF9A1AF965D600270C00 /* PushAppDelegate.m */ = {isa = PBXFileReference; fileEncoding = 4; lastKnownFileType = sourcecode.c.objc; path = PushAppDelegate.m; sourceTree = "<group>"; };
		7BF104801B6D5904007BF71C /* WebsocketHelper.h */ = {isa = PBXFileReference; fileEncoding = 4; lastKnownFileType = sourcecode.c.h; path = WebsocketHelper.h; sourceTree = "<group>"; };
		7BF104811B6D5904007BF71C /* WebsocketHelper.m */ = {isa = PBXFileReference; fileEncoding = 4; lastKnownFileType = sourcecode.c.objc; path = WebsocketHelper.m; sourceTree = "<group>"; };
		7BFF785A1BD143AA00E1BFFC /* Info.plist */ = {isa = PBXFileReference; fileEncoding = 4; lastKnownFileType = text.plist.xml; path = Info.plist; sourceTree = "<group>"; };
		A8FA1D6C7ADB239948E7FAD0 /* libPods-ios-push-messaging.a */ = {isa = PBXFileReference; explicitFileType = archive.ar; includeInIndex = 0; path = "libPods-ios-push-messaging.a"; sourceTree = BUILT_PRODUCTS_DIR; };
		AFC9F02A0B00B86542357B8C /* Pods-ios-push-messaging.debug.xcconfig */ = {isa = PBXFileReference; includeInIndex = 1; lastKnownFileType = text.xcconfig; name = "Pods-ios-push-messaging.debug.xcconfig"; path = "Pods/Target Support Files/Pods-ios-push-messaging/Pods-ios-push-messaging.debug.xcconfig"; sourceTree = "<group>"; };
/* End PBXFileReference section */

/* Begin PBXFrameworksBuildPhase section */
		7B4C3B121AB77E0400C5CE91 /* Frameworks */ = {
			isa = PBXFrameworksBuildPhase;
			buildActionMask = 2147483647;
			files = (
				40321BE52F0B848E659A7BF5 /* libPods-ios-push-messaging.a in Frameworks */,
			);
			runOnlyForDeploymentPostprocessing = 0;
		};
		7B4C3B1D1AB77E0400C5CE91 /* Frameworks */ = {
			isa = PBXFrameworksBuildPhase;
			buildActionMask = 2147483647;
			files = (
				7B4C3B211AB77E0400C5CE91 /* libios-push-messaging.a in Frameworks */,
			);
			runOnlyForDeploymentPostprocessing = 0;
		};
/* End PBXFrameworksBuildPhase section */

/* Begin PBXGroup section */
		251D6B42DFF210DE10A1D575 /* Pods */ = {
			isa = PBXGroup;
			children = (
				AFC9F02A0B00B86542357B8C /* Pods-ios-push-messaging.debug.xcconfig */,
				4D863846B8446CDF116C384E /* Pods-ios-push-messaging.release.xcconfig */,
			);
			name = Pods;
			sourceTree = "<group>";
		};
		7B4C3B0C1AB77E0400C5CE91 = {
			isa = PBXGroup;
			children = (
				7B4C3B171AB77E0400C5CE91 /* ios-push-messaging */,
				7B4C3B241AB77E0400C5CE91 /* ios-push-messagingTests */,
				7B4C3B161AB77E0400C5CE91 /* Products */,
				251D6B42DFF210DE10A1D575 /* Pods */,
				D403145D7F31BBB19FACE253 /* Frameworks */,
			);
			sourceTree = "<group>";
		};
		7B4C3B161AB77E0400C5CE91 /* Products */ = {
			isa = PBXGroup;
			children = (
				7B4C3B151AB77E0400C5CE91 /* libios-push-messaging.a */,
				7B4C3B201AB77E0400C5CE91 /* ios-push-messagingTests.xctest */,
			);
			name = Products;
			sourceTree = "<group>";
		};
		7B4C3B171AB77E0400C5CE91 /* ios-push-messaging */ = {
			isa = PBXGroup;
			children = (
				7B4C3B181AB77E0400C5CE91 /* ios_push_messaging.h */,
				7B4C3B2F1AB77FEB00C5CE91 /* PushManager.h */,
				7B4C3B301AB7800A00C5CE91 /* PushCentral.h */,
				7B4C3B311AB7800A00C5CE91 /* PushCentral.m */,
				7B4C3B331AB7802800C5CE91 /* PushConfig.h */,
				7B4C3B341AB7802800C5CE91 /* PushConfig.m */,
				7BC2FF8E1AF9560600270C00 /* PushInjection.h */,
				7BC2FF8F1AF9560600270C00 /* PushInjection.m */,
				7BC2FF991AF965D600270C00 /* PushAppDelegate.h */,
				7BC2FF9A1AF965D600270C00 /* PushAppDelegate.m */,
				7BF104801B6D5904007BF71C /* WebsocketHelper.h */,
				7BF104811B6D5904007BF71C /* WebsocketHelper.m */,
				7BFF785A1BD143AA00E1BFFC /* Info.plist */,
			);
			path = "ios-push-messaging";
			sourceTree = "<group>";
		};
		7B4C3B241AB77E0400C5CE91 /* ios-push-messagingTests */ = {
			isa = PBXGroup;
			children = (
				7B4C3B381AB78CAD00C5CE91 /* PushCentralTests.m */,
				7B4C3B251AB77E0400C5CE91 /* Supporting Files */,
			);
			path = "ios-push-messagingTests";
			sourceTree = "<group>";
		};
		7B4C3B251AB77E0400C5CE91 /* Supporting Files */ = {
			isa = PBXGroup;
			children = (
				7B4C3B261AB77E0400C5CE91 /* Info.plist */,
			);
			name = "Supporting Files";
			sourceTree = "<group>";
		};
		D403145D7F31BBB19FACE253 /* Frameworks */ = {
			isa = PBXGroup;
			children = (
				7B12918A1B6EBE96001FA3CB /* libPods-ios-push-messaging-SIOSocket.a */,
				7B1291881B6EA97C001FA3CB /* libPods-ios-push-messaging-Syncing.a */,
				A8FA1D6C7ADB239948E7FAD0 /* libPods-ios-push-messaging.a */,
			);
			name = Frameworks;
			sourceTree = "<group>";
		};
/* End PBXGroup section */

/* Begin PBXHeadersBuildPhase section */
		7BBF84141AE841DB00BD607E /* Headers */ = {
			isa = PBXHeadersBuildPhase;
			buildActionMask = 2147483647;
			files = (
				7BBF84151AE8420100BD607E /* ios_push_messaging.h in Headers */,
				7BBF84161AE8420500BD607E /* PushManager.h in Headers */,
				7BBF84171AE8420B00BD607E /* PushCentral.h in Headers */,
				7BBF84181AE8420E00BD607E /* PushConfig.h in Headers */,
				7BC2FF9B1AF965D600270C00 /* PushAppDelegate.h in Headers */,
				7BC2FF901AF9560600270C00 /* PushInjection.h in Headers */,
				7BF104821B6D5904007BF71C /* WebsocketHelper.h in Headers */,
			);
			runOnlyForDeploymentPostprocessing = 0;
		};
/* End PBXHeadersBuildPhase section */

/* Begin PBXNativeTarget section */
		7B4C3B141AB77E0400C5CE91 /* ios-push-messaging */ = {
			isa = PBXNativeTarget;
			buildConfigurationList = 7B4C3B291AB77E0400C5CE91 /* Build configuration list for PBXNativeTarget "ios-push-messaging" */;
			buildPhases = (
				D3B1283E38615300C9FB2D8B /* Check Pods Manifest.lock */,
				7B4C3B111AB77E0400C5CE91 /* Sources */,
				7B4C3B121AB77E0400C5CE91 /* Frameworks */,
				7BBF84141AE841DB00BD607E /* Headers */,
				7BBF84191AE8422000BD607E /* ShellScript */,
				8800ECC88B45A5562A814407 /* Copy Pods Resources */,
			);
			buildRules = (
			);
			dependencies = (
			);
			name = "ios-push-messaging";
			productName = "ios-push-messaging";
			productReference = 7B4C3B151AB77E0400C5CE91 /* libios-push-messaging.a */;
			productType = "com.apple.product-type.library.static";
		};
		7B4C3B1F1AB77E0400C5CE91 /* ios-push-messagingTests */ = {
			isa = PBXNativeTarget;
			buildConfigurationList = 7B4C3B2C1AB77E0400C5CE91 /* Build configuration list for PBXNativeTarget "ios-push-messagingTests" */;
			buildPhases = (
				7B4C3B1C1AB77E0400C5CE91 /* Sources */,
				7B4C3B1D1AB77E0400C5CE91 /* Frameworks */,
				7B4C3B1E1AB77E0400C5CE91 /* Resources */,
			);
			buildRules = (
			);
			dependencies = (
				7B4C3B231AB77E0400C5CE91 /* PBXTargetDependency */,
			);
			name = "ios-push-messagingTests";
			productName = "ios-push-messagingTests";
			productReference = 7B4C3B201AB77E0400C5CE91 /* ios-push-messagingTests.xctest */;
			productType = "com.apple.product-type.bundle.unit-test";
		};
/* End PBXNativeTarget section */

/* Begin PBXProject section */
		7B4C3B0D1AB77E0400C5CE91 /* Project object */ = {
			isa = PBXProject;
			attributes = {
				LastUpgradeCheck = 0610;
				ORGANIZATIONNAME = "Estúdio 89 Desenvolvimento de Software";
				TargetAttributes = {
					7B30D76D1AE9240600E2A0CA = {
						CreatedOnToolsVersion = 6.2;
					};
					7B4C3B141AB77E0400C5CE91 = {
						CreatedOnToolsVersion = 6.1;
					};
					7B4C3B1F1AB77E0400C5CE91 = {
						CreatedOnToolsVersion = 6.1;
					};
				};
			};
			buildConfigurationList = 7B4C3B101AB77E0400C5CE91 /* Build configuration list for PBXProject "ios-push-messaging" */;
			compatibilityVersion = "Xcode 3.2";
			developmentRegion = English;
			hasScannedForEncodings = 0;
			knownRegions = (
				en,
			);
			mainGroup = 7B4C3B0C1AB77E0400C5CE91;
			productRefGroup = 7B4C3B161AB77E0400C5CE91 /* Products */;
			projectDirPath = "";
			projectRoot = "";
			targets = (
				7B4C3B141AB77E0400C5CE91 /* ios-push-messaging */,
				7B4C3B1F1AB77E0400C5CE91 /* ios-push-messagingTests */,
				7B30D76D1AE9240600E2A0CA /* Framework */,
			);
		};
/* End PBXProject section */

/* Begin PBXResourcesBuildPhase section */
		7B4C3B1E1AB77E0400C5CE91 /* Resources */ = {
			isa = PBXResourcesBuildPhase;
			buildActionMask = 2147483647;
			files = (
			);
			runOnlyForDeploymentPostprocessing = 0;
		};
/* End PBXResourcesBuildPhase section */

/* Begin PBXShellScriptBuildPhase section */
		7B30D7731AE9243A00E2A0CA /* ShellScript */ = {
			isa = PBXShellScriptBuildPhase;
			buildActionMask = 2147483647;
			files = (
			);
			inputPaths = (
			);
			outputPaths = (
			);
			runOnlyForDeploymentPostprocessing = 0;
			shellPath = /bin/sh;
			shellScript = "set -e\nset +u\n# Avoid recursively calling this script.\nif [[ $SF_MASTER_SCRIPT_RUNNING ]]\nthen\nexit 0\nfi\nset -u\nexport SF_MASTER_SCRIPT_RUNNING=1\n\nSF_TARGET_NAME=${PROJECT_NAME}\nSF_EXECUTABLE_PATH=\"lib${SF_TARGET_NAME}.a\"\nSF_WRAPPER_NAME=\"${SF_TARGET_NAME}.framework\"\n\n# The following conditionals come from\n# https://github.com/kstenerud/iOS-Universal-Framework\n\nif [[ \"$SDK_NAME\" =~ ([A-Za-z]+) ]]\nthen\nSF_SDK_PLATFORM=${BASH_REMATCH[1]}\nelse\necho \"Could not find platform name from SDK_NAME: $SDK_NAME\"\nexit 1\nfi\n\nif [[ \"$SDK_NAME\" =~ ([0-9]+.*$) ]]\nthen\nSF_SDK_VERSION=${BASH_REMATCH[1]}\nelse\necho \"Could not find sdk version from SDK_NAME: $SDK_NAME\"\nexit 1\nfi\n\nif [[ \"$SF_SDK_PLATFORM\" = \"iphoneos\" ]]\nthen\nSF_OTHER_PLATFORM=iphonesimulator\nelse\nSF_OTHER_PLATFORM=iphoneos\nfi\n\nif [[ \"$BUILT_PRODUCTS_DIR\" =~ (.*)$SF_SDK_PLATFORM$ ]]\nthen\nSF_OTHER_BUILT_PRODUCTS_DIR=\"${BASH_REMATCH[1]}${SF_OTHER_PLATFORM}\"\nelse\necho \"Could not find platform name from build products directory: $BUILT_PRODUCTS_DIR\"\nexit 1\nfi\n\n# Build the other platform.\nxcrun xcodebuild -project \"${PROJECT_FILE_PATH}\" -target \"${TARGET_NAME}\" -configuration \"${CONFIGURATION}\" -sdk ${SF_OTHER_PLATFORM}${SF_SDK_VERSION} BUILD_DIR=\"${BUILD_DIR}\" OBJROOT=\"${OBJROOT}\" BUILD_ROOT=\"${BUILD_ROOT}\" SYMROOT=\"${SYMROOT}\" $ACTION\n\n# Smash the two static libraries into one fat binary and store it in the .framework\nxcrun lipo -create \"${BUILT_PRODUCTS_DIR}/${SF_EXECUTABLE_PATH}\" \"${SF_OTHER_BUILT_PRODUCTS_DIR}/${SF_EXECUTABLE_PATH}\" -output \"${BUILT_PRODUCTS_DIR}/${SF_WRAPPER_NAME}/Versions/A/${SF_TARGET_NAME}\"\n\n# Copy the binary to the other architecture folder to have a complete framework in both.\ncp -a \"${BUILT_PRODUCTS_DIR}/${SF_WRAPPER_NAME}/Versions/A/${SF_TARGET_NAME}\" \"${SF_OTHER_BUILT_PRODUCTS_DIR}/${SF_WRAPPER_NAME}/Versions/A/${SF_TARGET_NAME}\"";
		};
		7BBF84191AE8422000BD607E /* ShellScript */ = {
			isa = PBXShellScriptBuildPhase;
			buildActionMask = 2147483647;
			files = (
			);
			inputPaths = (
			);
			outputPaths = (
			);
			runOnlyForDeploymentPostprocessing = 0;
			shellPath = /bin/sh;
			shellScript = "set -e\n\nmkdir -p \"${BUILT_PRODUCTS_DIR}/${PRODUCT_NAME}.framework/Versions/A/Headers\"\n\n# Link the \"Current\" version to \"A\"\n/bin/ln -sfh A \"${BUILT_PRODUCTS_DIR}/${PRODUCT_NAME}.framework/Versions/Current\"\n/bin/ln -sfh Versions/Current/Headers \"${BUILT_PRODUCTS_DIR}/${PRODUCT_NAME}.framework/Headers\"\n/bin/ln -sfh \"Versions/Current/${PRODUCT_NAME}\" \"${BUILT_PRODUCTS_DIR}/${PRODUCT_NAME}.framework/${PRODUCT_NAME}\"\n\n#The -a ensures that the headers maintain the source modification date so that we don't constantly\n# cause propagating rebuilds of files that import these headers.\n/bin/cp -a \"${TARGET_BUILD_DIR}/${PUBLIC_HEADERS_FOLDER_PATH}/\" \"${BUILT_PRODUCTS_DIR}/${PRODUCT_NAME}.framework/Versions/A/Headers\"";
		};
		8800ECC88B45A5562A814407 /* Copy Pods Resources */ = {
			isa = PBXShellScriptBuildPhase;
			buildActionMask = 2147483647;
			files = (
			);
			inputPaths = (
			);
			name = "Copy Pods Resources";
			outputPaths = (
			);
			runOnlyForDeploymentPostprocessing = 0;
			shellPath = /bin/sh;
			shellScript = "\"${SRCROOT}/Pods/Target Support Files/Pods-ios-push-messaging/Pods-ios-push-messaging-resources.sh\"\n";
			showEnvVarsInLog = 0;
		};
		D3B1283E38615300C9FB2D8B /* Check Pods Manifest.lock */ = {
			isa = PBXShellScriptBuildPhase;
			buildActionMask = 2147483647;
			files = (
			);
			inputPaths = (
			);
			name = "Check Pods Manifest.lock";
			outputPaths = (
			);
			runOnlyForDeploymentPostprocessing = 0;
			shellPath = /bin/sh;
			shellScript = "diff \"${PODS_ROOT}/../Podfile.lock\" \"${PODS_ROOT}/Manifest.lock\" > /dev/null\nif [[ $? != 0 ]] ; then\n    cat << EOM\nerror: The sandbox is not in sync with the Podfile.lock. Run 'pod install' or update your CocoaPods installation.\nEOM\n    exit 1\nfi\n";
			showEnvVarsInLog = 0;
		};
/* End PBXShellScriptBuildPhase section */

/* Begin PBXSourcesBuildPhase section */
		7B4C3B111AB77E0400C5CE91 /* Sources */ = {
			isa = PBXSourcesBuildPhase;
			buildActionMask = 2147483647;
			files = (
				7BC2FF9C1AF965D600270C00 /* PushAppDelegate.m in Sources */,
				7B4C3B321AB7800A00C5CE91 /* PushCentral.m in Sources */,
				7BF104831B6D5904007BF71C /* WebsocketHelper.m in Sources */,
				7B4C3B351AB7802800C5CE91 /* PushConfig.m in Sources */,
				7BC2FF911AF9560600270C00 /* PushInjection.m in Sources */,
			);
			runOnlyForDeploymentPostprocessing = 0;
		};
		7B4C3B1C1AB77E0400C5CE91 /* Sources */ = {
			isa = PBXSourcesBuildPhase;
			buildActionMask = 2147483647;
			files = (
				7B4C3B391AB78CAD00C5CE91 /* PushCentralTests.m in Sources */,
			);
			runOnlyForDeploymentPostprocessing = 0;
		};
/* End PBXSourcesBuildPhase section */

/* Begin PBXTargetDependency section */
		7B30D7721AE9241200E2A0CA /* PBXTargetDependency */ = {
			isa = PBXTargetDependency;
			target = 7B4C3B141AB77E0400C5CE91 /* ios-push-messaging */;
			targetProxy = 7B30D7711AE9241200E2A0CA /* PBXContainerItemProxy */;
		};
		7B4C3B231AB77E0400C5CE91 /* PBXTargetDependency */ = {
			isa = PBXTargetDependency;
			target = 7B4C3B141AB77E0400C5CE91 /* ios-push-messaging */;
			targetProxy = 7B4C3B221AB77E0400C5CE91 /* PBXContainerItemProxy */;
		};
/* End PBXTargetDependency section */

/* Begin XCBuildConfiguration section */
		7B30D76F1AE9240700E2A0CA /* Debug */ = {
			isa = XCBuildConfiguration;
			buildSettings = {
				PRODUCT_NAME = "$(TARGET_NAME)";
			};
			name = Debug;
		};
		7B30D7701AE9240700E2A0CA /* Release */ = {
			isa = XCBuildConfiguration;
			buildSettings = {
				PRODUCT_NAME = "$(TARGET_NAME)";
			};
			name = Release;
		};
		7B4C3B271AB77E0400C5CE91 /* Debug */ = {
			isa = XCBuildConfiguration;
			buildSettings = {
				ALWAYS_SEARCH_USER_PATHS = NO;
				CLANG_CXX_LANGUAGE_STANDARD = "gnu++0x";
				CLANG_CXX_LIBRARY = "libc++";
				CLANG_ENABLE_MODULES = YES;
				CLANG_ENABLE_OBJC_ARC = YES;
				CLANG_WARN_BOOL_CONVERSION = YES;
				CLANG_WARN_CONSTANT_CONVERSION = YES;
				CLANG_WARN_DIRECT_OBJC_ISA_USAGE = YES_ERROR;
				CLANG_WARN_EMPTY_BODY = YES;
				CLANG_WARN_ENUM_CONVERSION = YES;
				CLANG_WARN_INT_CONVERSION = YES;
				CLANG_WARN_OBJC_ROOT_CLASS = YES_ERROR;
				CLANG_WARN_UNREACHABLE_CODE = YES;
				CLANG_WARN__DUPLICATE_METHOD_MATCH = YES;
				COPY_PHASE_STRIP = NO;
				ENABLE_STRICT_OBJC_MSGSEND = YES;
				GCC_C_LANGUAGE_STANDARD = gnu99;
				GCC_DYNAMIC_NO_PIC = NO;
				GCC_OPTIMIZATION_LEVEL = 0;
				GCC_PREPROCESSOR_DEFINITIONS = (
					"DEBUG=1",
					"$(inherited)",
				);
				GCC_SYMBOLS_PRIVATE_EXTERN = NO;
				GCC_WARN_64_TO_32_BIT_CONVERSION = YES;
				GCC_WARN_ABOUT_RETURN_TYPE = YES_ERROR;
				GCC_WARN_UNDECLARED_SELECTOR = YES;
				GCC_WARN_UNINITIALIZED_AUTOS = YES_AGGRESSIVE;
				GCC_WARN_UNUSED_FUNCTION = YES;
				GCC_WARN_UNUSED_VARIABLE = YES;
				IPHONEOS_DEPLOYMENT_TARGET = 7.0;
				MTL_ENABLE_DEBUG_INFO = YES;
				ONLY_ACTIVE_ARCH = YES;
				SDKROOT = iphoneos;
			};
			name = Debug;
		};
		7B4C3B281AB77E0400C5CE91 /* Release */ = {
			isa = XCBuildConfiguration;
			buildSettings = {
				ALWAYS_SEARCH_USER_PATHS = NO;
				CLANG_CXX_LANGUAGE_STANDARD = "gnu++0x";
				CLANG_CXX_LIBRARY = "libc++";
				CLANG_ENABLE_MODULES = YES;
				CLANG_ENABLE_OBJC_ARC = YES;
				CLANG_WARN_BOOL_CONVERSION = YES;
				CLANG_WARN_CONSTANT_CONVERSION = YES;
				CLANG_WARN_DIRECT_OBJC_ISA_USAGE = YES_ERROR;
				CLANG_WARN_EMPTY_BODY = YES;
				CLANG_WARN_ENUM_CONVERSION = YES;
				CLANG_WARN_INT_CONVERSION = YES;
				CLANG_WARN_OBJC_ROOT_CLASS = YES_ERROR;
				CLANG_WARN_UNREACHABLE_CODE = YES;
				CLANG_WARN__DUPLICATE_METHOD_MATCH = YES;
				COPY_PHASE_STRIP = YES;
				ENABLE_NS_ASSERTIONS = NO;
				ENABLE_STRICT_OBJC_MSGSEND = YES;
				GCC_C_LANGUAGE_STANDARD = gnu99;
				GCC_WARN_64_TO_32_BIT_CONVERSION = YES;
				GCC_WARN_ABOUT_RETURN_TYPE = YES_ERROR;
				GCC_WARN_UNDECLARED_SELECTOR = YES;
				GCC_WARN_UNINITIALIZED_AUTOS = YES_AGGRESSIVE;
				GCC_WARN_UNUSED_FUNCTION = YES;
				GCC_WARN_UNUSED_VARIABLE = YES;
				IPHONEOS_DEPLOYMENT_TARGET = 7.0;
				MTL_ENABLE_DEBUG_INFO = NO;
				ONLY_ACTIVE_ARCH = YES;
				SDKROOT = iphoneos;
				VALIDATE_PRODUCT = YES;
			};
			name = Release;
		};
		7B4C3B2A1AB77E0400C5CE91 /* Debug */ = {
			isa = XCBuildConfiguration;
			baseConfigurationReference = AFC9F02A0B00B86542357B8C /* Pods-ios-push-messaging.debug.xcconfig */;
			buildSettings = {
				COPY_PHASE_STRIP = NO;
				DEAD_CODE_STRIPPING = NO;
				FRAMEWORK_SEARCH_PATHS = (
					"$(inherited)",
					"$(USER_LIBRARY_DIR)/Developer/Xcode/DerivedData/Syncing-dqzrwbnowwpvkigpnagfmpoffrdu/Build/Products/Debug-iphoneos",
					"$(PROJECT_DIR)",
					"$(PROJECT_DIR)/Syncing.framework/Versions/A/Headers",
				);
				LIBRARY_SEARCH_PATHS = (
					"$(inherited)",
					"$(PROJECT_DIR)/build/Debug-iphoneos",
				);
				OTHER_LDFLAGS = (
					"-ObjC",
					"$(inherited)",
				);
				PRODUCT_NAME = "$(TARGET_NAME)";
				PUBLIC_HEADERS_FOLDER_PATH = "$(PROJECT_NAME)/Headers";
				SKIP_INSTALL = YES;
				STRIP_STYLE = "non-global";
			};
			name = Debug;
		};
		7B4C3B2B1AB77E0400C5CE91 /* Release */ = {
			isa = XCBuildConfiguration;
			baseConfigurationReference = 4D863846B8446CDF116C384E /* Pods-ios-push-messaging.release.xcconfig */;
			buildSettings = {
				COPY_PHASE_STRIP = NO;
				DEAD_CODE_STRIPPING = NO;
				FRAMEWORK_SEARCH_PATHS = (
					"$(inherited)",
					"$(USER_LIBRARY_DIR)/Developer/Xcode/DerivedData/Syncing-dqzrwbnowwpvkigpnagfmpoffrdu/Build/Products/Debug-iphoneos",
					"$(PROJECT_DIR)",
					"$(PROJECT_DIR)/Syncing.framework/Versions/A/Headers",
				);
				LIBRARY_SEARCH_PATHS = (
					"$(inherited)",
					"$(PROJECT_DIR)/build/Debug-iphoneos",
				);
				OTHER_LDFLAGS = (
					"-ObjC",
					"$(inherited)",
				);
				PRODUCT_NAME = "$(TARGET_NAME)";
				PUBLIC_HEADERS_FOLDER_PATH = "$(PROJECT_NAME)/Headers";
				SKIP_INSTALL = YES;
				STRIP_STYLE = "non-global";
			};
			name = Release;
		};
		7B4C3B2D1AB77E0400C5CE91 /* Debug */ = {
			isa = XCBuildConfiguration;
			buildSettings = {
				FRAMEWORK_SEARCH_PATHS = (
					"$(SDKROOT)/Developer/Library/Frameworks",
					"$(inherited)",
				);
				GCC_PREPROCESSOR_DEFINITIONS = (
					"DEBUG=1",
					"$(inherited)",
				);
				INFOPLIST_FILE = "ios-push-messagingTests/Info.plist";
				LD_RUNPATH_SEARCH_PATHS = "$(inherited) @executable_path/Frameworks @loader_path/Frameworks";
				PRODUCT_NAME = "$(TARGET_NAME)";
			};
			name = Debug;
		};
		7B4C3B2E1AB77E0400C5CE91 /* Release */ = {
			isa = XCBuildConfiguration;
			buildSettings = {
				FRAMEWORK_SEARCH_PATHS = (
					"$(SDKROOT)/Developer/Library/Frameworks",
					"$(inherited)",
				);
				INFOPLIST_FILE = "ios-push-messagingTests/Info.plist";
				LD_RUNPATH_SEARCH_PATHS = "$(inherited) @executable_path/Frameworks @loader_path/Frameworks";
				PRODUCT_NAME = "$(TARGET_NAME)";
			};
			name = Release;
		};
/* End XCBuildConfiguration section */

/* Begin XCConfigurationList section */
		7B30D76E1AE9240700E2A0CA /* Build configuration list for PBXAggregateTarget "Framework" */ = {
			isa = XCConfigurationList;
			buildConfigurations = (
				7B30D76F1AE9240700E2A0CA /* Debug */,
				7B30D7701AE9240700E2A0CA /* Release */,
			);
			defaultConfigurationIsVisible = 0;
			defaultConfigurationName = Release;
		};
		7B4C3B101AB77E0400C5CE91 /* Build configuration list for PBXProject "ios-push-messaging" */ = {
			isa = XCConfigurationList;
			buildConfigurations = (
				7B4C3B271AB77E0400C5CE91 /* Debug */,
				7B4C3B281AB77E0400C5CE91 /* Release */,
			);
			defaultConfigurationIsVisible = 0;
			defaultConfigurationName = Release;
		};
		7B4C3B291AB77E0400C5CE91 /* Build configuration list for PBXNativeTarget "ios-push-messaging" */ = {
			isa = XCConfigurationList;
			buildConfigurations = (
				7B4C3B2A1AB77E0400C5CE91 /* Debug */,
				7B4C3B2B1AB77E0400C5CE91 /* Release */,
			);
			defaultConfigurationIsVisible = 0;
			defaultConfigurationName = Release;
		};
		7B4C3B2C1AB77E0400C5CE91 /* Build configuration list for PBXNativeTarget "ios-push-messagingTests" */ = {
			isa = XCConfigurationList;
			buildConfigurations = (
				7B4C3B2D1AB77E0400C5CE91 /* Debug */,
				7B4C3B2E1AB77E0400C5CE91 /* Release */,
			);
			defaultConfigurationIsVisible = 0;
			defaultConfigurationName = Release;
		};
/* End XCConfigurationList section */
	};
	rootObject = 7B4C3B0D1AB77E0400C5CE91 /* Project object */;
}
